// !$*UTF8*$!
{
	archiveVersion = 1;
	classes = {
	};
	objectVersion = 48;
	objects = {

/* Begin PBXBuildFile section */
		524983562127F2C6004EF1FF /* AppDelegate.swift in Sources */ = {isa = PBXBuildFile; fileRef = 524983552127F2C6004EF1FF /* AppDelegate.swift */; };
		5249835B2127F2C6004EF1FF /* Main.storyboard in Resources */ = {isa = PBXBuildFile; fileRef = 524983592127F2C6004EF1FF /* Main.storyboard */; };
		5249835D2127F2C6004EF1FF /* Assets.xcassets in Resources */ = {isa = PBXBuildFile; fileRef = 5249835C2127F2C6004EF1FF /* Assets.xcassets */; };
		524983602127F2C6004EF1FF /* LaunchScreen.storyboard in Resources */ = {isa = PBXBuildFile; fileRef = 5249835E2127F2C6004EF1FF /* LaunchScreen.storyboard */; };
		5249836B2127F2C6004EF1FF /* SpotTests.swift in Sources */ = {isa = PBXBuildFile; fileRef = 5249836A2127F2C6004EF1FF /* SpotTests.swift */; };
		524983762127F2C6004EF1FF /* SpotUITests.swift in Sources */ = {isa = PBXBuildFile; fileRef = 524983752127F2C6004EF1FF /* SpotUITests.swift */; };
		524983842127F33A004EF1FF /* LaunchViewController.swift in Sources */ = {isa = PBXBuildFile; fileRef = 524983832127F33A004EF1FF /* LaunchViewController.swift */; };
		524983862127F635004EF1FF /* SpotMapViewController.swift in Sources */ = {isa = PBXBuildFile; fileRef = 524983852127F635004EF1FF /* SpotMapViewController.swift */; };
		524983882127F76D004EF1FF /* LocationSearchTableViewController.swift in Sources */ = {isa = PBXBuildFile; fileRef = 524983872127F76D004EF1FF /* LocationSearchTableViewController.swift */; };
/* End PBXBuildFile section */

/* Begin PBXContainerItemProxy section */
		524983672127F2C6004EF1FF /* PBXContainerItemProxy */ = {
			isa = PBXContainerItemProxy;
			containerPortal = 5249834A2127F2C6004EF1FF /* Project object */;
			proxyType = 1;
			remoteGlobalIDString = 524983512127F2C6004EF1FF;
			remoteInfo = Spot;
		};
		524983722127F2C6004EF1FF /* PBXContainerItemProxy */ = {
			isa = PBXContainerItemProxy;
			containerPortal = 5249834A2127F2C6004EF1FF /* Project object */;
			proxyType = 1;
			remoteGlobalIDString = 524983512127F2C6004EF1FF;
			remoteInfo = Spot;
		};
/* End PBXContainerItemProxy section */

/* Begin PBXFileReference section */
		524983522127F2C6004EF1FF /* Spot.app */ = {isa = PBXFileReference; explicitFileType = wrapper.application; includeInIndex = 0; path = Spot.app; sourceTree = BUILT_PRODUCTS_DIR; };
		524983552127F2C6004EF1FF /* AppDelegate.swift */ = {isa = PBXFileReference; lastKnownFileType = sourcecode.swift; path = AppDelegate.swift; sourceTree = "<group>"; };
		5249835A2127F2C6004EF1FF /* Base */ = {isa = PBXFileReference; lastKnownFileType = file.storyboard; name = Base; path = Base.lproj/Main.storyboard; sourceTree = "<group>"; };
		5249835C2127F2C6004EF1FF /* Assets.xcassets */ = {isa = PBXFileReference; lastKnownFileType = folder.assetcatalog; path = Assets.xcassets; sourceTree = "<group>"; };
		5249835F2127F2C6004EF1FF /* Base */ = {isa = PBXFileReference; lastKnownFileType = file.storyboard; name = Base; path = Base.lproj/LaunchScreen.storyboard; sourceTree = "<group>"; };
		524983612127F2C6004EF1FF /* Info.plist */ = {isa = PBXFileReference; lastKnownFileType = text.plist.xml; path = Info.plist; sourceTree = "<group>"; };
		524983662127F2C6004EF1FF /* SpotTests.xctest */ = {isa = PBXFileReference; explicitFileType = wrapper.cfbundle; includeInIndex = 0; path = SpotTests.xctest; sourceTree = BUILT_PRODUCTS_DIR; };
		5249836A2127F2C6004EF1FF /* SpotTests.swift */ = {isa = PBXFileReference; lastKnownFileType = sourcecode.swift; path = SpotTests.swift; sourceTree = "<group>"; };
		5249836C2127F2C6004EF1FF /* Info.plist */ = {isa = PBXFileReference; lastKnownFileType = text.plist.xml; path = Info.plist; sourceTree = "<group>"; };
		524983712127F2C6004EF1FF /* SpotUITests.xctest */ = {isa = PBXFileReference; explicitFileType = wrapper.cfbundle; includeInIndex = 0; path = SpotUITests.xctest; sourceTree = BUILT_PRODUCTS_DIR; };
		524983752127F2C6004EF1FF /* SpotUITests.swift */ = {isa = PBXFileReference; lastKnownFileType = sourcecode.swift; path = SpotUITests.swift; sourceTree = "<group>"; };
		524983772127F2C6004EF1FF /* Info.plist */ = {isa = PBXFileReference; lastKnownFileType = text.plist.xml; path = Info.plist; sourceTree = "<group>"; };
		524983832127F33A004EF1FF /* LaunchViewController.swift */ = {isa = PBXFileReference; lastKnownFileType = sourcecode.swift; path = LaunchViewController.swift; sourceTree = "<group>"; };
		524983852127F635004EF1FF /* SpotMapViewController.swift */ = {isa = PBXFileReference; lastKnownFileType = sourcecode.swift; path = SpotMapViewController.swift; sourceTree = "<group>"; };
		524983872127F76D004EF1FF /* LocationSearchTableViewController.swift */ = {isa = PBXFileReference; lastKnownFileType = sourcecode.swift; path = LocationSearchTableViewController.swift; sourceTree = "<group>"; };
/* End PBXFileReference section */

/* Begin PBXFrameworksBuildPhase section */
		5249834F2127F2C6004EF1FF /* Frameworks */ = {
			isa = PBXFrameworksBuildPhase;
			buildActionMask = 2147483647;
			files = (
			);
			runOnlyForDeploymentPostprocessing = 0;
		};
		524983632127F2C6004EF1FF /* Frameworks */ = {
			isa = PBXFrameworksBuildPhase;
			buildActionMask = 2147483647;
			files = (
			);
			runOnlyForDeploymentPostprocessing = 0;
		};
		5249836E2127F2C6004EF1FF /* Frameworks */ = {
			isa = PBXFrameworksBuildPhase;
			buildActionMask = 2147483647;
			files = (
			);
			runOnlyForDeploymentPostprocessing = 0;
		};
/* End PBXFrameworksBuildPhase section */

/* Begin PBXGroup section */
		524983492127F2C6004EF1FF = {
			isa = PBXGroup;
			children = (
				524983542127F2C6004EF1FF /* Spot */,
				524983692127F2C6004EF1FF /* SpotTests */,
				524983742127F2C6004EF1FF /* SpotUITests */,
				524983532127F2C6004EF1FF /* Products */,
			);
			sourceTree = "<group>";
		};
		524983532127F2C6004EF1FF /* Products */ = {
			isa = PBXGroup;
			children = (
				524983522127F2C6004EF1FF /* Spot.app */,
				524983662127F2C6004EF1FF /* SpotTests.xctest */,
				524983712127F2C6004EF1FF /* SpotUITests.xctest */,
			);
			name = Products;
			sourceTree = "<group>";
		};
		524983542127F2C6004EF1FF /* Spot */ = {
			isa = PBXGroup;
			children = (
				524983552127F2C6004EF1FF /* AppDelegate.swift */,
				524983592127F2C6004EF1FF /* Main.storyboard */,
				5249835C2127F2C6004EF1FF /* Assets.xcassets */,
				5249835E2127F2C6004EF1FF /* LaunchScreen.storyboard */,
				524983612127F2C6004EF1FF /* Info.plist */,
				5249838921284BA4004EF1FF /* ViewControllers */,
			);
			path = Spot;
			sourceTree = "<group>";
		};
		524983692127F2C6004EF1FF /* SpotTests */ = {
			isa = PBXGroup;
			children = (
				5249836A2127F2C6004EF1FF /* SpotTests.swift */,
				5249836C2127F2C6004EF1FF /* Info.plist */,
			);
			path = SpotTests;
			sourceTree = "<group>";
		};
		524983742127F2C6004EF1FF /* SpotUITests */ = {
			isa = PBXGroup;
			children = (
				524983752127F2C6004EF1FF /* SpotUITests.swift */,
				524983772127F2C6004EF1FF /* Info.plist */,
			);
			path = SpotUITests;
			sourceTree = "<group>";
		};
		5249838921284BA4004EF1FF /* ViewControllers */ = {
			isa = PBXGroup;
			children = (
				524983832127F33A004EF1FF /* LaunchViewController.swift */,
				524983852127F635004EF1FF /* SpotMapViewController.swift */,
				524983872127F76D004EF1FF /* LocationSearchTableViewController.swift */,
			);
			name = ViewControllers;
			sourceTree = "<group>";
		};
/* End PBXGroup section */

/* Begin PBXNativeTarget section */
		524983512127F2C6004EF1FF /* Spot */ = {
			isa = PBXNativeTarget;
			buildConfigurationList = 5249837A2127F2C6004EF1FF /* Build configuration list for PBXNativeTarget "Spot" */;
			buildPhases = (
				5249834E2127F2C6004EF1FF /* Sources */,
				5249834F2127F2C6004EF1FF /* Frameworks */,
				524983502127F2C6004EF1FF /* Resources */,
			);
			buildRules = (
			);
			dependencies = (
			);
			name = Spot;
			productName = Spot;
			productReference = 524983522127F2C6004EF1FF /* Spot.app */;
			productType = "com.apple.product-type.application";
		};
		524983652127F2C6004EF1FF /* SpotTests */ = {
			isa = PBXNativeTarget;
			buildConfigurationList = 5249837D2127F2C6004EF1FF /* Build configuration list for PBXNativeTarget "SpotTests" */;
			buildPhases = (
				524983622127F2C6004EF1FF /* Sources */,
				524983632127F2C6004EF1FF /* Frameworks */,
				524983642127F2C6004EF1FF /* Resources */,
			);
			buildRules = (
			);
			dependencies = (
				524983682127F2C6004EF1FF /* PBXTargetDependency */,
			);
			name = SpotTests;
			productName = SpotTests;
			productReference = 524983662127F2C6004EF1FF /* SpotTests.xctest */;
			productType = "com.apple.product-type.bundle.unit-test";
		};
		524983702127F2C6004EF1FF /* SpotUITests */ = {
			isa = PBXNativeTarget;
			buildConfigurationList = 524983802127F2C6004EF1FF /* Build configuration list for PBXNativeTarget "SpotUITests" */;
			buildPhases = (
				5249836D2127F2C6004EF1FF /* Sources */,
				5249836E2127F2C6004EF1FF /* Frameworks */,
				5249836F2127F2C6004EF1FF /* Resources */,
			);
			buildRules = (
			);
			dependencies = (
				524983732127F2C6004EF1FF /* PBXTargetDependency */,
			);
			name = SpotUITests;
			productName = SpotUITests;
			productReference = 524983712127F2C6004EF1FF /* SpotUITests.xctest */;
			productType = "com.apple.product-type.bundle.ui-testing";
		};
/* End PBXNativeTarget section */

/* Begin PBXProject section */
		5249834A2127F2C6004EF1FF /* Project object */ = {
			isa = PBXProject;
			attributes = {
				LastSwiftUpdateCheck = 0920;
				LastUpgradeCheck = 0920;
				ORGANIZATIONNAME = "Chitralekha Yellewar";
				TargetAttributes = {
					524983512127F2C6004EF1FF = {
						CreatedOnToolsVersion = 9.2;
						ProvisioningStyle = Manual;
					};
					524983652127F2C6004EF1FF = {
						CreatedOnToolsVersion = 9.2;
						ProvisioningStyle = Automatic;
						TestTargetID = 524983512127F2C6004EF1FF;
					};
					524983702127F2C6004EF1FF = {
						CreatedOnToolsVersion = 9.2;
						ProvisioningStyle = Automatic;
						TestTargetID = 524983512127F2C6004EF1FF;
					};
				};
			};
			buildConfigurationList = 5249834D2127F2C6004EF1FF /* Build configuration list for PBXProject "Spot" */;
			compatibilityVersion = "Xcode 8.0";
			developmentRegion = en;
			hasScannedForEncodings = 0;
			knownRegions = (
				en,
				Base,
			);
			mainGroup = 524983492127F2C6004EF1FF;
			productRefGroup = 524983532127F2C6004EF1FF /* Products */;
			projectDirPath = "";
			projectRoot = "";
			targets = (
				524983512127F2C6004EF1FF /* Spot */,
				524983652127F2C6004EF1FF /* SpotTests */,
				524983702127F2C6004EF1FF /* SpotUITests */,
			);
		};
/* End PBXProject section */

/* Begin PBXResourcesBuildPhase section */
		524983502127F2C6004EF1FF /* Resources */ = {
			isa = PBXResourcesBuildPhase;
			buildActionMask = 2147483647;
			files = (
				524983602127F2C6004EF1FF /* LaunchScreen.storyboard in Resources */,
				5249835D2127F2C6004EF1FF /* Assets.xcassets in Resources */,
				5249835B2127F2C6004EF1FF /* Main.storyboard in Resources */,
			);
			runOnlyForDeploymentPostprocessing = 0;
		};
		524983642127F2C6004EF1FF /* Resources */ = {
			isa = PBXResourcesBuildPhase;
			buildActionMask = 2147483647;
			files = (
			);
			runOnlyForDeploymentPostprocessing = 0;
		};
		5249836F2127F2C6004EF1FF /* Resources */ = {
			isa = PBXResourcesBuildPhase;
			buildActionMask = 2147483647;
			files = (
			);
			runOnlyForDeploymentPostprocessing = 0;
		};
/* End PBXResourcesBuildPhase section */

/* Begin PBXSourcesBuildPhase section */
		5249834E2127F2C6004EF1FF /* Sources */ = {
			isa = PBXSourcesBuildPhase;
			buildActionMask = 2147483647;
			files = (
				524983882127F76D004EF1FF /* LocationSearchTableViewController.swift in Sources */,
				524983862127F635004EF1FF /* SpotMapViewController.swift in Sources */,
				524983842127F33A004EF1FF /* LaunchViewController.swift in Sources */,
				524983562127F2C6004EF1FF /* AppDelegate.swift in Sources */,
			);
			runOnlyForDeploymentPostprocessing = 0;
		};
		524983622127F2C6004EF1FF /* Sources */ = {
			isa = PBXSourcesBuildPhase;
			buildActionMask = 2147483647;
			files = (
				5249836B2127F2C6004EF1FF /* SpotTests.swift in Sources */,
			);
			runOnlyForDeploymentPostprocessing = 0;
		};
		5249836D2127F2C6004EF1FF /* Sources */ = {
			isa = PBXSourcesBuildPhase;
			buildActionMask = 2147483647;
			files = (
				524983762127F2C6004EF1FF /* SpotUITests.swift in Sources */,
			);
			runOnlyForDeploymentPostprocessing = 0;
		};
/* End PBXSourcesBuildPhase section */

/* Begin PBXTargetDependency section */
		524983682127F2C6004EF1FF /* PBXTargetDependency */ = {
			isa = PBXTargetDependency;
			target = 524983512127F2C6004EF1FF /* Spot */;
			targetProxy = 524983672127F2C6004EF1FF /* PBXContainerItemProxy */;
		};
		524983732127F2C6004EF1FF /* PBXTargetDependency */ = {
			isa = PBXTargetDependency;
			target = 524983512127F2C6004EF1FF /* Spot */;
			targetProxy = 524983722127F2C6004EF1FF /* PBXContainerItemProxy */;
		};
/* End PBXTargetDependency section */

/* Begin PBXVariantGroup section */
		524983592127F2C6004EF1FF /* Main.storyboard */ = {
			isa = PBXVariantGroup;
			children = (
				5249835A2127F2C6004EF1FF /* Base */,
			);
			name = Main.storyboard;
			sourceTree = "<group>";
		};
		5249835E2127F2C6004EF1FF /* LaunchScreen.storyboard */ = {
			isa = PBXVariantGroup;
			children = (
				5249835F2127F2C6004EF1FF /* Base */,
			);
			name = LaunchScreen.storyboard;
			sourceTree = "<group>";
		};
/* End PBXVariantGroup section */

/* Begin XCBuildConfiguration section */
		524983782127F2C6004EF1FF /* Debug */ = {
			isa = XCBuildConfiguration;
			buildSettings = {
				ALWAYS_SEARCH_USER_PATHS = NO;
				CLANG_ANALYZER_NONNULL = YES;
				CLANG_ANALYZER_NUMBER_OBJECT_CONVERSION = YES_AGGRESSIVE;
				CLANG_CXX_LANGUAGE_STANDARD = "gnu++14";
				CLANG_CXX_LIBRARY = "libc++";
				CLANG_ENABLE_MODULES = YES;
				CLANG_ENABLE_OBJC_ARC = YES;
				CLANG_WARN_BLOCK_CAPTURE_AUTORELEASING = YES;
				CLANG_WARN_BOOL_CONVERSION = YES;
				CLANG_WARN_COMMA = YES;
				CLANG_WARN_CONSTANT_CONVERSION = YES;
				CLANG_WARN_DIRECT_OBJC_ISA_USAGE = YES_ERROR;
				CLANG_WARN_DOCUMENTATION_COMMENTS = YES;
				CLANG_WARN_EMPTY_BODY = YES;
				CLANG_WARN_ENUM_CONVERSION = YES;
				CLANG_WARN_INFINITE_RECURSION = YES;
				CLANG_WARN_INT_CONVERSION = YES;
				CLANG_WARN_NON_LITERAL_NULL_CONVERSION = YES;
				CLANG_WARN_OBJC_LITERAL_CONVERSION = YES;
				CLANG_WARN_OBJC_ROOT_CLASS = YES_ERROR;
				CLANG_WARN_RANGE_LOOP_ANALYSIS = YES;
				CLANG_WARN_STRICT_PROTOTYPES = YES;
				CLANG_WARN_SUSPICIOUS_MOVE = YES;
				CLANG_WARN_UNGUARDED_AVAILABILITY = YES_AGGRESSIVE;
				CLANG_WARN_UNREACHABLE_CODE = YES;
				CLANG_WARN__DUPLICATE_METHOD_MATCH = YES;
				CODE_SIGN_IDENTITY = "iPhone Developer";
				COPY_PHASE_STRIP = NO;
				DEBUG_INFORMATION_FORMAT = dwarf;
				ENABLE_STRICT_OBJC_MSGSEND = YES;
				ENABLE_TESTABILITY = YES;
				GCC_C_LANGUAGE_STANDARD = gnu11;
				GCC_DYNAMIC_NO_PIC = NO;
				GCC_NO_COMMON_BLOCKS = YES;
				GCC_OPTIMIZATION_LEVEL = 0;
				GCC_PREPROCESSOR_DEFINITIONS = (
					"DEBUG=1",
					"$(inherited)",
				);
				GCC_WARN_64_TO_32_BIT_CONVERSION = YES;
				GCC_WARN_ABOUT_RETURN_TYPE = YES_ERROR;
				GCC_WARN_UNDECLARED_SELECTOR = YES;
				GCC_WARN_UNINITIALIZED_AUTOS = YES_AGGRESSIVE;
				GCC_WARN_UNUSED_FUNCTION = YES;
				GCC_WARN_UNUSED_VARIABLE = YES;
				IPHONEOS_DEPLOYMENT_TARGET = 11.2;
				MTL_ENABLE_DEBUG_INFO = YES;
				ONLY_ACTIVE_ARCH = YES;
				SDKROOT = iphoneos;
				SWIFT_ACTIVE_COMPILATION_CONDITIONS = DEBUG;
				SWIFT_OPTIMIZATION_LEVEL = "-Onone";
			};
			name = Debug;
		};
		524983792127F2C6004EF1FF /* Release */ = {
			isa = XCBuildConfiguration;
			buildSettings = {
				ALWAYS_SEARCH_USER_PATHS = NO;
				CLANG_ANALYZER_NONNULL = YES;
				CLANG_ANALYZER_NUMBER_OBJECT_CONVERSION = YES_AGGRESSIVE;
				CLANG_CXX_LANGUAGE_STANDARD = "gnu++14";
				CLANG_CXX_LIBRARY = "libc++";
				CLANG_ENABLE_MODULES = YES;
				CLANG_ENABLE_OBJC_ARC = YES;
				CLANG_WARN_BLOCK_CAPTURE_AUTORELEASING = YES;
				CLANG_WARN_BOOL_CONVERSION = YES;
				CLANG_WARN_COMMA = YES;
				CLANG_WARN_CONSTANT_CONVERSION = YES;
				CLANG_WARN_DIRECT_OBJC_ISA_USAGE = YES_ERROR;
				CLANG_WARN_DOCUMENTATION_COMMENTS = YES;
				CLANG_WARN_EMPTY_BODY = YES;
				CLANG_WARN_ENUM_CONVERSION = YES;
				CLANG_WARN_INFINITE_RECURSION = YES;
				CLANG_WARN_INT_CONVERSION = YES;
				CLANG_WARN_NON_LITERAL_NULL_CONVERSION = YES;
				CLANG_WARN_OBJC_LITERAL_CONVERSION = YES;
				CLANG_WARN_OBJC_ROOT_CLASS = YES_ERROR;
				CLANG_WARN_RANGE_LOOP_ANALYSIS = YES;
				CLANG_WARN_STRICT_PROTOTYPES = YES;
				CLANG_WARN_SUSPICIOUS_MOVE = YES;
				CLANG_WARN_UNGUARDED_AVAILABILITY = YES_AGGRESSIVE;
				CLANG_WARN_UNREACHABLE_CODE = YES;
				CLANG_WARN__DUPLICATE_METHOD_MATCH = YES;
				CODE_SIGN_IDENTITY = "iPhone Developer";
				COPY_PHASE_STRIP = NO;
				DEBUG_INFORMATION_FORMAT = "dwarf-with-dsym";
				ENABLE_NS_ASSERTIONS = NO;
				ENABLE_STRICT_OBJC_MSGSEND = YES;
				GCC_C_LANGUAGE_STANDARD = gnu11;
				GCC_NO_COMMON_BLOCKS = YES;
				GCC_WARN_64_TO_32_BIT_CONVERSION = YES;
				GCC_WARN_ABOUT_RETURN_TYPE = YES_ERROR;
				GCC_WARN_UNDECLARED_SELECTOR = YES;
				GCC_WARN_UNINITIALIZED_AUTOS = YES_AGGRESSIVE;
				GCC_WARN_UNUSED_FUNCTION = YES;
				GCC_WARN_UNUSED_VARIABLE = YES;
				IPHONEOS_DEPLOYMENT_TARGET = 11.2;
				MTL_ENABLE_DEBUG_INFO = NO;
				SDKROOT = iphoneos;
				SWIFT_OPTIMIZATION_LEVEL = "-Owholemodule";
				VALIDATE_PRODUCT = YES;
			};
			name = Release;
		};
		5249837B2127F2C6004EF1FF /* Debug */ = {
			isa = XCBuildConfiguration;
			buildSettings = {
				ASSETCATALOG_COMPILER_APPICON_NAME = AppIcon;
				CODE_SIGN_STYLE = Manual;
				DEVELOPMENT_TEAM = "";
				INFOPLIST_FILE = Spot/Info.plist;
				IPHONEOS_DEPLOYMENT_TARGET = 11.1;
				LD_RUNPATH_SEARCH_PATHS = "$(inherited) @executable_path/Frameworks";
				PRODUCT_BUNDLE_IDENTIFIER = com.example.SpotOne;
				PRODUCT_NAME = "$(TARGET_NAME)";
				PROVISIONING_PROFILE_SPECIFIER = "";
				SWIFT_VERSION = 4.0;
				TARGETED_DEVICE_FAMILY = "1,2";
			};
			name = Debug;
		};
		5249837C2127F2C6004EF1FF /* Release */ = {
			isa = XCBuildConfiguration;
			buildSettings = {
				ASSETCATALOG_COMPILER_APPICON_NAME = AppIcon;
				CODE_SIGN_STYLE = Manual;
				DEVELOPMENT_TEAM = "";
				INFOPLIST_FILE = Spot/Info.plist;
				IPHONEOS_DEPLOYMENT_TARGET = 11.1;
				LD_RUNPATH_SEARCH_PATHS = "$(inherited) @executable_path/Frameworks";
				PRODUCT_BUNDLE_IDENTIFIER = com.example.SpotOne;
				PRODUCT_NAME = "$(TARGET_NAME)";
				PROVISIONING_PROFILE_SPECIFIER = "";
				SWIFT_VERSION = 4.0;
				TARGETED_DEVICE_FAMILY = "1,2";
			};
			name = Release;
		};
		5249837E2127F2C6004EF1FF /* Debug */ = {
			isa = XCBuildConfiguration;
			buildSettings = {
				ALWAYS_EMBED_SWIFT_STANDARD_LIBRARIES = YES;
				BUNDLE_LOADER = "$(TEST_HOST)";
				CODE_SIGN_STYLE = Automatic;
				DEVELOPMENT_TEAM = 75652DA3UT;
				INFOPLIST_FILE = SpotTests/Info.plist;
				LD_RUNPATH_SEARCH_PATHS = "$(inherited) @executable_path/Frameworks @loader_path/Frameworks";
				PRODUCT_BUNDLE_IDENTIFIER = com.example.SpotTests;
				PRODUCT_NAME = "$(TARGET_NAME)";
				SWIFT_VERSION = 4.0;
				TARGETED_DEVICE_FAMILY = "1,2";
				TEST_HOST = "$(BUILT_PRODUCTS_DIR)/Spot.app/Spot";
			};
			name = Debug;
		};
		5249837F2127F2C6004EF1FF /* Release */ = {
			isa = XCBuildConfiguration;
			buildSettings = {
				ALWAYS_EMBED_SWIFT_STANDARD_LIBRARIES = YES;
				BUNDLE_LOADER = "$(TEST_HOST)";
				CODE_SIGN_STYLE = Automatic;
				DEVELOPMENT_TEAM = 75652DA3UT;
				INFOPLIST_FILE = SpotTests/Info.plist;
				LD_RUNPATH_SEARCH_PATHS = "$(inherited) @executable_path/Frameworks @loader_path/Frameworks";
				PRODUCT_BUNDLE_IDENTIFIER = com.example.SpotTests;
				PRODUCT_NAME = "$(TARGET_NAME)";
				SWIFT_VERSION = 4.0;
				TARGETED_DEVICE_FAMILY = "1,2";
				TEST_HOST = "$(BUILT_PRODUCTS_DIR)/Spot.app/Spot";
			};
			name = Release;
		};
		524983812127F2C6004EF1FF /* Debug */ = {
			isa = XCBuildConfiguration;
			buildSettings = {
				ALWAYS_EMBED_SWIFT_STANDARD_LIBRARIES = YES;
				CODE_SIGN_STYLE = Automatic;
				DEVELOPMENT_TEAM = 75652DA3UT;
				INFOPLIST_FILE = SpotUITests/Info.plist;
				LD_RUNPATH_SEARCH_PATHS = "$(inherited) @executable_path/Frameworks @loader_path/Frameworks";
				PRODUCT_BUNDLE_IDENTIFIER = com.example.SpotUITests;
				PRODUCT_NAME = "$(TARGET_NAME)";
				SWIFT_VERSION = 4.0;
				TARGETED_DEVICE_FAMILY = "1,2";
				TEST_TARGET_NAME = Spot;
			};
			name = Debug;
		};
		524983822127F2C6004EF1FF /* Release */ = {
			isa = XCBuildConfiguration;
			buildSettings = {
				ALWAYS_EMBED_SWIFT_STANDARD_LIBRARIES = YES;
				CODE_SIGN_STYLE = Automatic;
				DEVELOPMENT_TEAM = 75652DA3UT;
				INFOPLIST_FILE = SpotUITests/Info.plist;
				LD_RUNPATH_SEARCH_PATHS = "$(inherited) @executable_path/Frameworks @loader_path/Frameworks";
				PRODUCT_BUNDLE_IDENTIFIER = com.example.SpotUITests;
				PRODUCT_NAME = "$(TARGET_NAME)";
				SWIFT_VERSION = 4.0;
				TARGETED_DEVICE_FAMILY = "1,2";
				TEST_TARGET_NAME = Spot;
			};
			name = Release;
		};
/* End XCBuildConfiguration section */

/* Begin XCConfigurationList section */
		5249834D2127F2C6004EF1FF /* Build configuration list for PBXProject "Spot" */ = {
			isa = XCConfigurationList;
			buildConfigurations = (
				524983782127F2C6004EF1FF /* Debug */,
				524983792127F2C6004EF1FF /* Release */,
			);
			defaultConfigurationIsVisible = 0;
			defaultConfigurationName = Release;
		};
		5249837A2127F2C6004EF1FF /* Build configuration list for PBXNativeTarget "Spot" */ = {
			isa = XCConfigurationList;
			buildConfigurations = (
				5249837B2127F2C6004EF1FF /* Debug */,
				5249837C2127F2C6004EF1FF /* Release */,
			);
			defaultConfigurationIsVisible = 0;
			defaultConfigurationName = Release;
		};
		5249837D2127F2C6004EF1FF /* Build configuration list for PBXNativeTarget "SpotTests" */ = {
			isa = XCConfigurationList;
			buildConfigurations = (
				5249837E2127F2C6004EF1FF /* Debug */,
				5249837F2127F2C6004EF1FF /* Release */,
			);
			defaultConfigurationIsVisible = 0;
			defaultConfigurationName = Release;
		};
		524983802127F2C6004EF1FF /* Build configuration list for PBXNativeTarget "SpotUITests" */ = {
			isa = XCConfigurationList;
			buildConfigurations = (
				524983812127F2C6004EF1FF /* Debug */,
				524983822127F2C6004EF1FF /* Release */,
			);
			defaultConfigurationIsVisible = 0;
			defaultConfigurationName = Release;
		};
/* End XCConfigurationList section */
	};
	rootObject = 5249834A2127F2C6004EF1FF /* Project object */;
}
